
Microsoft Visual Studio Solution File, Format Version 12.00
# Visual Studio Version 16
VisualStudioVersion = 16.0.31105.61
MinimumVisualStudioVersion = 10.0.40219.1
Project("{FAE04EC0-301F-11D3-BF4B-00C04F79EFBC}") = "Average_of_Four_Numbers", "Average_of_Four_Numbers\Average_of_Four_Numbers.csproj", "{38F56BB7-98E8-4E81-B88F-7F4B353FB1B2}"
EndProject
Global
	GlobalSection(SolutionConfigurationPlatforms) = preSolution
		Debug|Any CPU = Debug|Any CPU
		Release|Any CPU = Release|Any CPU
	EndGlobalSection
	GlobalSection(ProjectConfigurationPlatforms) = postSolution
		{38F56BB7-98E8-4E81-B88F-7F4B353FB1B2}.Debug|Any CPU.ActiveCfg = Debug|Any CPU
		{38F56BB7-98E8-4E81-B88F-7F4B353FB1B2}.Debug|Any CPU.Build.0 = Debug|Any CPU
		{38F56BB7-98E8-4E81-B88F-7F4B353FB1B2}.Release|Any CPU.ActiveCfg = Release|Any CPU
		{38F56BB7-98E8-4E81-B88F-7F4B353FB1B2}.Release|Any CPU.Build.0 = Release|Any CPU
	EndGlobalSection
	GlobalSection(SolutionProperties) = preSolution
		HideSolutionNode = FALSE
	EndGlobalSection
	GlobalSection(ExtensibilityGlobals) = postSolution
		SolutionGuid = {8F35DCE9-44A9-42AD-89EB-E4CA5D80C18F}
	EndGlobalSection
EndGlobal
